
Microsoft Visual Studio Solution File, Format Version 10.00
# Visual Studio 2008
Project("{94D665CA-D915-4DE1-AA53-913450A1AE2D}") = "Project1", "Project1\Project1.fsharpp", "{9657E98F-A55D-4284-9D38-081240FA14D5}"
EndProject
Global
	GlobalSection(SolutionConfigurationPlatforms) = preSolution
		Debug|Win32 = Debug|Win32
		Release|Win32 = Release|Win32
	EndGlobalSection
	GlobalSection(ProjectConfigurationPlatforms) = postSolution
		{9657E98F-A55D-4284-9D38-081240FA14D5}.Debug|Win32.ActiveCfg = Debug|Win32
		{9657E98F-A55D-4284-9D38-081240FA14D5}.Debug|Win32.Build.0 = Debug|Win32
		{9657E98F-A55D-4284-9D38-081240FA14D5}.Release|Win32.ActiveCfg = Release|Win32
		{9657E98F-A55D-4284-9D38-081240FA14D5}.Release|Win32.Build.0 = Release|Win32
	EndGlobalSection
	GlobalSection(SolutionProperties) = preSolution
		HideSolutionNode = FALSE
	EndGlobalSection
EndGlobal
