
Microsoft Visual Studio Solution File, Format Version 10.00
# Visual Studio 2008
Project("{94D665CA-D915-4DE1-AA53-913450A1AE2D}") = "Project1", "Project1\Project1.fsharpp", "{DE7DEEF4-F8B0-411A-B0EB-F0F8C09BE16D}"
EndProject
Global
	GlobalSection(SolutionConfigurationPlatforms) = preSolution
		Debug|Win32 = Debug|Win32
		Release|Win32 = Release|Win32
	EndGlobalSection
	GlobalSection(ProjectConfigurationPlatforms) = postSolution
		{DE7DEEF4-F8B0-411A-B0EB-F0F8C09BE16D}.Debug|Win32.ActiveCfg = Debug|Win32
		{DE7DEEF4-F8B0-411A-B0EB-F0F8C09BE16D}.Debug|Win32.Build.0 = Debug|Win32
		{DE7DEEF4-F8B0-411A-B0EB-F0F8C09BE16D}.Release|Win32.ActiveCfg = Release|Win32
		{DE7DEEF4-F8B0-411A-B0EB-F0F8C09BE16D}.Release|Win32.Build.0 = Release|Win32
	EndGlobalSection
	GlobalSection(SolutionProperties) = preSolution
		HideSolutionNode = FALSE
	EndGlobalSection
EndGlobal
