
Microsoft Visual Studio Solution File, Format Version 10.00
# Visual Studio 2008
Project("{94D665CA-D915-4DE1-AA53-913450A1AE2D}") = "FSharp1", "FSharp1\FSharp1.fsharpp", "{7E536EA6-0EF7-45C5-9C96-0C6F06E72D4A}"
EndProject
Global
	GlobalSection(SolutionConfigurationPlatforms) = preSolution
		Debug|Win32 = Debug|Win32
		Release|Win32 = Release|Win32
	EndGlobalSection
	GlobalSection(ProjectConfigurationPlatforms) = postSolution
		{7E536EA6-0EF7-45C5-9C96-0C6F06E72D4A}.Debug|Win32.ActiveCfg = Debug|Win32
		{7E536EA6-0EF7-45C5-9C96-0C6F06E72D4A}.Debug|Win32.Build.0 = Debug|Win32
		{7E536EA6-0EF7-45C5-9C96-0C6F06E72D4A}.Release|Win32.ActiveCfg = Release|Win32
		{7E536EA6-0EF7-45C5-9C96-0C6F06E72D4A}.Release|Win32.Build.0 = Release|Win32
	EndGlobalSection
	GlobalSection(SolutionProperties) = preSolution
		HideSolutionNode = FALSE
	EndGlobalSection
EndGlobal
