
Microsoft Visual Studio Solution File, Format Version 10.00
# Visual Studio 2008
Project("{FAE04EC0-301F-11D3-BF4B-00C04F79EFBC}") = "ConsoleApplication1", "ConsoleApplication1\ConsoleApplication1.csproj", "{594101E1-1A2D-46D8-8C5C-31446B52865F}"
EndProject
Global
	GlobalSection(SolutionConfigurationPlatforms) = preSolution
		Debug|Any CPU = Debug|Any CPU
		Release|Any CPU = Release|Any CPU
	EndGlobalSection
	GlobalSection(ProjectConfigurationPlatforms) = postSolution
		{594101E1-1A2D-46D8-8C5C-31446B52865F}.Debug|Any CPU.ActiveCfg = Debug|Any CPU
		{594101E1-1A2D-46D8-8C5C-31446B52865F}.Debug|Any CPU.Build.0 = Debug|Any CPU
		{594101E1-1A2D-46D8-8C5C-31446B52865F}.Release|Any CPU.ActiveCfg = Release|Any CPU
		{594101E1-1A2D-46D8-8C5C-31446B52865F}.Release|Any CPU.Build.0 = Release|Any CPU
	EndGlobalSection
	GlobalSection(SolutionProperties) = preSolution
		HideSolutionNode = FALSE
	EndGlobalSection
EndGlobal
